Microsoft Visual Studio Solution File, Format Version 12.00
# Visual Studio Version 17
VisualStudioVersion = 17.13.35931.197 d17.13
MinimumVisualStudioVersion = 10.0.40219.1
Project("{9A19103F-16F7-4668-BE54-9A1E7A4F7556}") = "Domain", "Domain\Domain.csproj", "{D1CF9AF5-B2E9-4A3A-BB8E-D270EB6BBF4E}"
EndProject
Project("{9A19103F-16F7-4668-BE54-9A1E7A4F7556}") = "Application", "Application\Application.csproj", "{DF84F74F-7656-4FD3-B5E4-85BDC17BE07F}"
EndProject
Project("{9A19103F-16F7-4668-BE54-9A1E7A4F7556}") = "Infrastructure", "Infrastructure\Infrastructure.csproj", "{F40AE58A-1F6C-4A7D-A0E4-F66E9A935561}"
EndProject
Project("{9A19103F-16F7-4668-BE54-9A1E7A4F7556}") = "WebAPI", "WebAPI\WebAPI.csproj", "{2D2B10E7-BBF2-41CB-A902-ED34E22BEC73}"
EndProject
Global
	GlobalSection(SolutionConfigurationPlatforms) = preSolution
		Debug|Any CPU = Debug|Any CPU
		Release|Any CPU = Release|Any CPU
	EndGlobalSection
	GlobalSection(ProjectConfigurationPlatforms) = postSolution
		{D1CF9AF5-B2E9-4A3A-BB8E-D270EB6BBF4E}.Debug|Any CPU.ActiveCfg = Debug|Any CPU
		{D1CF9AF5-B2E9-4A3A-BB8E-D270EB6BBF4E}.Debug|Any CPU.Build.0 = Debug|Any CPU
		{D1CF9AF5-B2E9-4A3A-BB8E-D270EB6BBF4E}.Release|Any CPU.ActiveCfg = Release|Any CPU
		{D1CF9AF5-B2E9-4A3A-BB8E-D270EB6BBF4E}.Release|Any CPU.Build.0 = Release|Any CPU
		{DF84F74F-7656-4FD3-B5E4-85BDC17BE07F}.Debug|Any CPU.ActiveCfg = Debug|Any CPU
		{DF84F74F-7656-4FD3-B5E4-85BDC17BE07F}.Debug|Any CPU.Build.0 = Debug|Any CPU
		{DF84F74F-7656-4FD3-B5E4-85BDC17BE07F}.Release|Any CPU.ActiveCfg = Release|Any CPU
		{DF84F74F-7656-4FD3-B5E4-85BDC17BE07F}.Release|Any CPU.Build.0 = Release|Any CPU
		{F40AE58A-1F6C-4A7D-A0E4-F66E9A935561}.Debug|Any CPU.ActiveCfg = Debug|Any CPU
		{F40AE58A-1F6C-4A7D-A0E4-F66E9A935561}.Debug|Any CPU.Build.0 = Debug|Any CPU
		{F40AE58A-1F6C-4A7D-A0E4-F66E9A935561}.Release|Any CPU.ActiveCfg = Release|Any CPU
		{F40AE58A-1F6C-4A7D-A0E4-F66E9A935561}.Release|Any CPU.Build.0 = Release|Any CPU
		{2D2B10E7-BBF2-41CB-A902-ED34E22BEC73}.Debug|Any CPU.ActiveCfg = Debug|Any CPU
		{2D2B10E7-BBF2-41CB-A902-ED34E22BEC73}.Debug|Any CPU.Build.0 = Debug|Any CPU
		{2D2B10E7-BBF2-41CB-A902-ED34E22BEC73}.Release|Any CPU.ActiveCfg = Release|Any CPU
		{2D2B10E7-BBF2-41CB-A902-ED34E22BEC73}.Release|Any CPU.Build.0 = Release|Any CPU
	EndGlobalSection
	GlobalSection(SolutionProperties) = preSolution
		HideSolutionNode = FALSE
	EndGlobalSection
	GlobalSection(ExtensibilityGlobals) = postSolution
		SolutionGuid = {44C8BC8B-797A-4A31-A0C4-614D3152D273}
	EndGlobalSection
EndGlobal
